
Microsoft Visual Studio Solution File, Format Version 12.00
# Visual Studio Version 17
VisualStudioVersion = 17.1.32228.430
MinimumVisualStudioVersion = 10.0.40219.1
Project("{FAE04EC0-301F-11D3-BF4B-00C04F79EFBC}") = "Modul4_1302204128", "Modul4_1302204128\Modul4_1302204128.csproj", "{50B87CB8-5A3A-49D5-A9EE-7D6B4BB14550}"
EndProject
Global
	GlobalSection(SolutionConfigurationPlatforms) = preSolution
		Debug|Any CPU = Debug|Any CPU
		Release|Any CPU = Release|Any CPU
	EndGlobalSection
	GlobalSection(ProjectConfigurationPlatforms) = postSolution
		{50B87CB8-5A3A-49D5-A9EE-7D6B4BB14550}.Debug|Any CPU.ActiveCfg = Debug|Any CPU
		{50B87CB8-5A3A-49D5-A9EE-7D6B4BB14550}.Debug|Any CPU.Build.0 = Debug|Any CPU
		{50B87CB8-5A3A-49D5-A9EE-7D6B4BB14550}.Release|Any CPU.ActiveCfg = Release|Any CPU
		{50B87CB8-5A3A-49D5-A9EE-7D6B4BB14550}.Release|Any CPU.Build.0 = Release|Any CPU
	EndGlobalSection
	GlobalSection(SolutionProperties) = preSolution
		HideSolutionNode = FALSE
	EndGlobalSection
	GlobalSection(ExtensibilityGlobals) = postSolution
		SolutionGuid = {17E52E4C-EE91-4695-BF12-EA47393143F5}
	EndGlobalSection
EndGlobal
